<?xml version="1.0" encoding="utf-8"?>
<Project ToolsVersion="4.0" xmlns="http://schemas.microsoft.com/developer/msbuild/2003">
  <ItemGroup>
    <Filter Include="Source Files">
      <UniqueIdentifier>{4FC737F1-C7A5-4376-A066-2A32D752A2FF}</UniqueIdentifier>
      <Extensions>cpp;c;cc;cxx;c++;cppm;ixx;def;odl;idl;hpj;bat;asm;asmx</Extensions>
    </Filter>
    <Filter Include="Header Files">
      <UniqueIdentifier>{93995380-89BD-4b04-88EB-625FBE52EBFB}</UniqueIdentifier>
      <Extensions>h;hh;hpp;hxx;h++;hm;inl;inc;ipp;xsd</Extensions>
    </Filter>
    <Filter Include="Resource Files">
      <UniqueIdentifier>{67DA6AB6-F800-4c08-8B7A-83BB121AAD01}</UniqueIdentifier>
      <Extensions>rc;ico;cur;bmp;dlg;rc2;rct;bin;rgs;gif;jpg;jpeg;jpe;resx;tiff;tif;png;wav;mfcribbon-ms</Extensions>
    </Filter>
    <Filter Include="Source Files\Third-Party Files">
      <UniqueIdentifier>{92322818-5a54-4ca0-ae8a-455c17631a5e}</UniqueIdentifier>
    </Filter>
    <Filter Include="Source Files\Third-Party Files\Imgui">
      <UniqueIdentifier>{9839d804-8d10-4beb-b4ed-b92e2d262b31}</UniqueIdentifier>
    </Filter>
  </ItemGroup>
  <ItemGroup>
    <ClCompile Include="src\main.cpp">
      <Filter>Source Files</Filter>
    </ClCompile>
    <ClCompile Include="src\graphics\RenderDeviceD3D11.cpp">
      <Filter>Source Files</Filter>
    </ClCompile>
    <ClCompile Include="src\graphics\Shader.cpp">
      <Filter>Source Files</Filter>
    </ClCompile>
    <ClCompile Include="src\utils\FileSystem.cpp">
      <Filter>Source Files</Filter>
    </ClCompile>
    <ClCompile Include="third-party\include\imgui\imgui.cpp">
      <Filter>Source Files\Third-Party Files\Imgui</Filter>
    </ClCompile>
    <ClCompile Include="third-party\include\imgui\imgui_demo.cpp">
      <Filter>Source Files\Third-Party Files\Imgui</Filter>
    </ClCompile>
    <ClCompile Include="third-party\include\imgui\imgui_draw.cpp">
      <Filter>Source Files\Third-Party Files\Imgui</Filter>
    </ClCompile>
    <ClCompile Include="third-party\include\imgui\imgui_tables.cpp">
      <Filter>Source Files\Third-Party Files\Imgui</Filter>
    </ClCompile>
    <ClCompile Include="third-party\include\imgui\imgui_widgets.cpp">
      <Filter>Source Files\Third-Party Files\Imgui</Filter>
    </ClCompile>
    <ClCompile Include="third-party\include\imgui\backends\imgui_impl_dx11.cpp">
      <Filter>Source Files\Third-Party Files\Imgui</Filter>
    </ClCompile>
    <ClCompile Include="third-party\include\imgui\backends\imgui_impl_glfw.cpp">
      <Filter>Source Files\Third-Party Files\Imgui</Filter>
    </ClCompile>
  </ItemGroup>
  <ItemGroup>
    <ClInclude Include="src\utils\ConsoleLogger.h">
      <Filter>Header Files</Filter>
    </ClInclude>
    <ClInclude Include="src\graphics\RenderDeviceD3D11.h">
      <Filter>Header Files</Filter>
    </ClInclude>
    <ClInclude Include="src\graphics\VertexFormat.h">
      <Filter>Header Files</Filter>
    </ClInclude>
    <ClInclude Include="src\graphics\Shader.h">
      <Filter>Header Files</Filter>
    </ClInclude>
    <ClInclude Include="src\utils\FileSystem.h">
      <Filter>Header Files</Filter>
    </ClInclude>
  </ItemGroup>
  <ItemGroup>
    <FxCompile Include="resources\shaders\ColoredVertex_vs.hlsl" />
    <FxCompile Include="resources\shaders\ColoredVertex_ps.hlsl" />
    <FxCompile Include="resources\shaders\ColoredTexturedVertex_vs.hlsl" />
    <FxCompile Include="resources\shaders\ColoredTexturedVertex_ps.hlsl" />
  </ItemGroup>
</Project>